
Microsoft Visual Studio Solution File, Format Version 12.00
# Visual Studio Version 17
VisualStudioVersion = 17.8.34227.203
MinimumVisualStudioVersion = 10.0.40219.1
Project("{FAE04EC0-301F-11D3-BF4B-00C04F79EFBC}") = "BazaarValley.ApiServices", "BazaarValley.ApiServices\BazaarValley.ApiServices.csproj", "{4ADC5898-2791-4B6E-ACDE-66C048E3E3AB}"
EndProject
Global
	GlobalSection(SolutionConfigurationPlatforms) = preSolution
		Debug|Any CPU = Debug|Any CPU
		Release|Any CPU = Release|Any CPU
	EndGlobalSection
	GlobalSection(ProjectConfigurationPlatforms) = postSolution
		{4ADC5898-2791-4B6E-ACDE-66C048E3E3AB}.Debug|Any CPU.ActiveCfg = Debug|Any CPU
		{4ADC5898-2791-4B6E-ACDE-66C048E3E3AB}.Debug|Any CPU.Build.0 = Debug|Any CPU
		{4ADC5898-2791-4B6E-ACDE-66C048E3E3AB}.Release|Any CPU.ActiveCfg = Release|Any CPU
		{4ADC5898-2791-4B6E-ACDE-66C048E3E3AB}.Release|Any CPU.Build.0 = Release|Any CPU
	EndGlobalSection
	GlobalSection(SolutionProperties) = preSolution
		HideSolutionNode = FALSE
	EndGlobalSection
	GlobalSection(ExtensibilityGlobals) = postSolution
		SolutionGuid = {5044AF74-E56A-4255-A47B-F48689801401}
	EndGlobalSection
EndGlobal
